// !$*UTF8*$!
{
	archiveVersion = 1;
	classes = {
	};
	objectVersion = 55;
	objects = {

/* Begin PBXBuildFile section */
		A11467EA278A267200DA615D /* DownloadImagesManager.swift in Sources */ = {isa = PBXBuildFile; fileRef = A11467E9278A267200DA615D /* DownloadImagesManager.swift */; };
		A11467EC278A27BA00DA615D /* ImageCacheManager.swift in Sources */ = {isa = PBXBuildFile; fileRef = A11467EB278A27BA00DA615D /* ImageCacheManager.swift */; };
		A128799F2777A46300584FEC /* LandmarkerApp.swift in Sources */ = {isa = PBXBuildFile; fileRef = A128799E2777A46300584FEC /* LandmarkerApp.swift */; };
		A12879A62777A46500584FEC /* Preview Assets.xcassets in Resources */ = {isa = PBXBuildFile; fileRef = A12879A52777A46500584FEC /* Preview Assets.xcassets */; };
		A12879AD2777A4D600584FEC /* Assets.xcassets in Resources */ = {isa = PBXBuildFile; fileRef = A12879AC2777A4D600584FEC /* Assets.xcassets */; };
		A12879B22777A59100584FEC /* Location.swift in Sources */ = {isa = PBXBuildFile; fileRef = A12879B12777A59100584FEC /* Location.swift */; };
		A12879B52777A64E00584FEC /* DownloadDataManager.swift in Sources */ = {isa = PBXBuildFile; fileRef = A12879B42777A64E00584FEC /* DownloadDataManager.swift */; };
		A12879B72777A6A200584FEC /* LocationsView.swift in Sources */ = {isa = PBXBuildFile; fileRef = A12879B62777A6A200584FEC /* LocationsView.swift */; };
		A12879BA2777A6B700584FEC /* LocationsViewModel.swift in Sources */ = {isa = PBXBuildFile; fileRef = A12879B92777A6B700584FEC /* LocationsViewModel.swift */; };
		A12879BC2777B05800584FEC /* LocationsListView.swift in Sources */ = {isa = PBXBuildFile; fileRef = A12879BB2777B05800584FEC /* LocationsListView.swift */; };
		A12879BF2777BA9000584FEC /* LocationPreviewView.swift in Sources */ = {isa = PBXBuildFile; fileRef = A12879BE2777BA9000584FEC /* LocationPreviewView.swift */; };
		A16D9E2E278DCA0000CDC0DA /* LocationPreviewViewModel.swift in Sources */ = {isa = PBXBuildFile; fileRef = A16D9E2D278DCA0000CDC0DA /* LocationPreviewViewModel.swift */; };
		A18951832778CFFE00BC81A8 /* MapView.swift in Sources */ = {isa = PBXBuildFile; fileRef = A18951822778CFFE00BC81A8 /* MapView.swift */; };
		A192F4AE277A4213001516FF /* LocationsManager.swift in Sources */ = {isa = PBXBuildFile; fileRef = A192F4AD277A4213001516FF /* LocationsManager.swift */; };
		A196EB1C2779E3B900198C7C /* LocationMapAnnotationView.swift in Sources */ = {isa = PBXBuildFile; fileRef = A196EB1B2779E3B900198C7C /* LocationMapAnnotationView.swift */; };
		A1C3BAB0277B3B0D00CB58E9 /* LocationDetailViewModel.swift in Sources */ = {isa = PBXBuildFile; fileRef = A1C3BAAF277B3B0D00CB58E9 /* LocationDetailViewModel.swift */; };
		A1EAE46D277A1EA300C6F085 /* LocationDetailView.swift in Sources */ = {isa = PBXBuildFile; fileRef = A1EAE46C277A1EA300C6F085 /* LocationDetailView.swift */; };
		A1EAE46F277A23C000C6F085 /* ButtonView.swift in Sources */ = {isa = PBXBuildFile; fileRef = A1EAE46E277A23C000C6F085 /* ButtonView.swift */; };
/* End PBXBuildFile section */

/* Begin PBXFileReference section */
		A11467E9278A267200DA615D /* DownloadImagesManager.swift */ = {isa = PBXFileReference; lastKnownFileType = sourcecode.swift; path = DownloadImagesManager.swift; sourceTree = "<group>"; };
		A11467EB278A27BA00DA615D /* ImageCacheManager.swift */ = {isa = PBXFileReference; lastKnownFileType = sourcecode.swift; path = ImageCacheManager.swift; sourceTree = "<group>"; };
		A128799B2777A46300584FEC /* Landmarker.app */ = {isa = PBXFileReference; explicitFileType = wrapper.application; includeInIndex = 0; path = Landmarker.app; sourceTree = BUILT_PRODUCTS_DIR; };
		A128799E2777A46300584FEC /* LandmarkerApp.swift */ = {isa = PBXFileReference; lastKnownFileType = sourcecode.swift; path = LandmarkerApp.swift; sourceTree = "<group>"; };
		A12879A52777A46500584FEC /* Preview Assets.xcassets */ = {isa = PBXFileReference; lastKnownFileType = folder.assetcatalog; path = "Preview Assets.xcassets"; sourceTree = "<group>"; };
		A12879AC2777A4D600584FEC /* Assets.xcassets */ = {isa = PBXFileReference; lastKnownFileType = folder.assetcatalog; path = Assets.xcassets; sourceTree = "<group>"; };
		A12879B12777A59100584FEC /* Location.swift */ = {isa = PBXFileReference; lastKnownFileType = sourcecode.swift; path = Location.swift; sourceTree = "<group>"; };
		A12879B42777A64E00584FEC /* DownloadDataManager.swift */ = {isa = PBXFileReference; fileEncoding = 4; lastKnownFileType = sourcecode.swift; path = DownloadDataManager.swift; sourceTree = "<group>"; };
		A12879B62777A6A200584FEC /* LocationsView.swift */ = {isa = PBXFileReference; lastKnownFileType = sourcecode.swift; path = LocationsView.swift; sourceTree = "<group>"; };
		A12879B92777A6B700584FEC /* LocationsViewModel.swift */ = {isa = PBXFileReference; lastKnownFileType = sourcecode.swift; path = LocationsViewModel.swift; sourceTree = "<group>"; };
		A12879BB2777B05800584FEC /* LocationsListView.swift */ = {isa = PBXFileReference; lastKnownFileType = sourcecode.swift; path = LocationsListView.swift; sourceTree = "<group>"; };
		A12879BE2777BA9000584FEC /* LocationPreviewView.swift */ = {isa = PBXFileReference; lastKnownFileType = sourcecode.swift; path = LocationPreviewView.swift; sourceTree = "<group>"; };
		A149FA71277B11100024E758 /* Info.plist */ = {isa = PBXFileReference; lastKnownFileType = text.plist; path = Info.plist; sourceTree = "<group>"; };
		A16D9E2D278DCA0000CDC0DA /* LocationPreviewViewModel.swift */ = {isa = PBXFileReference; lastKnownFileType = sourcecode.swift; path = LocationPreviewViewModel.swift; sourceTree = "<group>"; };
		A18951822778CFFE00BC81A8 /* MapView.swift */ = {isa = PBXFileReference; lastKnownFileType = sourcecode.swift; path = MapView.swift; sourceTree = "<group>"; };
		A192F4AD277A4213001516FF /* LocationsManager.swift */ = {isa = PBXFileReference; lastKnownFileType = sourcecode.swift; path = LocationsManager.swift; sourceTree = "<group>"; };
		A196EB1B2779E3B900198C7C /* LocationMapAnnotationView.swift */ = {isa = PBXFileReference; lastKnownFileType = sourcecode.swift; path = LocationMapAnnotationView.swift; sourceTree = "<group>"; };
		A1C3BAAF277B3B0D00CB58E9 /* LocationDetailViewModel.swift */ = {isa = PBXFileReference; lastKnownFileType = sourcecode.swift; path = LocationDetailViewModel.swift; sourceTree = "<group>"; };
		A1EAE46C277A1EA300C6F085 /* LocationDetailView.swift */ = {isa = PBXFileReference; lastKnownFileType = sourcecode.swift; path = LocationDetailView.swift; sourceTree = "<group>"; };
		A1EAE46E277A23C000C6F085 /* ButtonView.swift */ = {isa = PBXFileReference; lastKnownFileType = sourcecode.swift; path = ButtonView.swift; sourceTree = "<group>"; };
/* End PBXFileReference section */

/* Begin PBXFrameworksBuildPhase section */
		A12879982777A46300584FEC /* Frameworks */ = {
			isa = PBXFrameworksBuildPhase;
			buildActionMask = 2147483647;
			files = (
			);
			runOnlyForDeploymentPostprocessing = 0;
		};
/* End PBXFrameworksBuildPhase section */

/* Begin PBXGroup section */
		A12879922777A46300584FEC = {
			isa = PBXGroup;
			children = (
				A128799D2777A46300584FEC /* Landmarker */,
				A128799C2777A46300584FEC /* Products */,
			);
			sourceTree = "<group>";
		};
		A128799C2777A46300584FEC /* Products */ = {
			isa = PBXGroup;
			children = (
				A128799B2777A46300584FEC /* Landmarker.app */,
			);
			name = Products;
			sourceTree = "<group>";
		};
		A128799D2777A46300584FEC /* Landmarker */ = {
			isa = PBXGroup;
			children = (
				A128799E2777A46300584FEC /* LandmarkerApp.swift */,
				A12879AE2777A55D00584FEC /* Models */,
				A12879AF2777A56300584FEC /* Screens */,
				A12879B02777A57100584FEC /* Views */,
				A192F4AF277A466C001516FF /* Managers */,
				A18951812778CFE500BC81A8 /* UIKitComponents */,
				A12879AC2777A4D600584FEC /* Assets.xcassets */,
				A149FA71277B11100024E758 /* Info.plist */,
				A12879A42777A46500584FEC /* Preview Content */,
			);
			path = Landmarker;
			sourceTree = "<group>";
		};
		A12879A42777A46500584FEC /* Preview Content */ = {
			isa = PBXGroup;
			children = (
				A12879A52777A46500584FEC /* Preview Assets.xcassets */,
			);
			path = "Preview Content";
			sourceTree = "<group>";
		};
		A12879AE2777A55D00584FEC /* Models */ = {
			isa = PBXGroup;
			children = (
				A12879B12777A59100584FEC /* Location.swift */,
			);
			path = Models;
			sourceTree = "<group>";
		};
		A12879AF2777A56300584FEC /* Screens */ = {
			isa = PBXGroup;
			children = (
				A12879B82777A6A900584FEC /* LocationsView */,
				A1EAE46B277A1E2900C6F085 /* LocationDetailView */,
				A16D9E2C278DC9E000CDC0DA /* LocationPreviewView */,
			);
			path = Screens;
			sourceTree = "<group>";
		};
		A12879B02777A57100584FEC /* Views */ = {
			isa = PBXGroup;
			children = (
				A12879BB2777B05800584FEC /* LocationsListView.swift */,
				A196EB1B2779E3B900198C7C /* LocationMapAnnotationView.swift */,
				A18951842778D17A00BC81A8 /* Buttons */,
			);
			path = Views;
			sourceTree = "<group>";
		};
		A12879B82777A6A900584FEC /* LocationsView */ = {
			isa = PBXGroup;
			children = (
				A12879B62777A6A200584FEC /* LocationsView.swift */,
				A12879B92777A6B700584FEC /* LocationsViewModel.swift */,
			);
			path = LocationsView;
			sourceTree = "<group>";
		};
		A16D9E2C278DC9E000CDC0DA /* LocationPreviewView */ = {
			isa = PBXGroup;
			children = (
				A12879BE2777BA9000584FEC /* LocationPreviewView.swift */,
				A16D9E2D278DCA0000CDC0DA /* LocationPreviewViewModel.swift */,
			);
			path = LocationPreviewView;
			sourceTree = "<group>";
		};
		A18951812778CFE500BC81A8 /* UIKitComponents */ = {
			isa = PBXGroup;
			children = (
				A18951822778CFFE00BC81A8 /* MapView.swift */,
			);
			path = UIKitComponents;
			sourceTree = "<group>";
		};
		A18951842778D17A00BC81A8 /* Buttons */ = {
			isa = PBXGroup;
			children = (
				A1EAE46E277A23C000C6F085 /* ButtonView.swift */,
			);
			path = Buttons;
			sourceTree = "<group>";
		};
		A192F4AF277A466C001516FF /* Managers */ = {
			isa = PBXGroup;
			children = (
				A12879B42777A64E00584FEC /* DownloadDataManager.swift */,
				A192F4AD277A4213001516FF /* LocationsManager.swift */,
				A11467E9278A267200DA615D /* DownloadImagesManager.swift */,
				A11467EB278A27BA00DA615D /* ImageCacheManager.swift */,
			);
			path = Managers;
			sourceTree = "<group>";
		};
		A1EAE46B277A1E2900C6F085 /* LocationDetailView */ = {
			isa = PBXGroup;
			children = (
				A1EAE46C277A1EA300C6F085 /* LocationDetailView.swift */,
				A1C3BAAF277B3B0D00CB58E9 /* LocationDetailViewModel.swift */,
			);
			path = LocationDetailView;
			sourceTree = "<group>";
		};
/* End PBXGroup section */

/* Begin PBXNativeTarget section */
		A128799A2777A46300584FEC /* Landmarker */ = {
			isa = PBXNativeTarget;
			buildConfigurationList = A12879A92777A46500584FEC /* Build configuration list for PBXNativeTarget "Landmarker" */;
			buildPhases = (
				A12879972777A46300584FEC /* Sources */,
				A12879982777A46300584FEC /* Frameworks */,
				A12879992777A46300584FEC /* Resources */,
			);
			buildRules = (
			);
			dependencies = (
			);
			name = Landmarker;
			productName = Landmarker;
			productReference = A128799B2777A46300584FEC /* Landmarker.app */;
			productType = "com.apple.product-type.application";
		};
/* End PBXNativeTarget section */

/* Begin PBXProject section */
		A12879932777A46300584FEC /* Project object */ = {
			isa = PBXProject;
			attributes = {
				BuildIndependentTargetsInParallel = 1;
				LastSwiftUpdateCheck = 1320;
				LastUpgradeCheck = 1320;
				TargetAttributes = {
					A128799A2777A46300584FEC = {
						CreatedOnToolsVersion = 13.2;
					};
				};
			};
			buildConfigurationList = A12879962777A46300584FEC /* Build configuration list for PBXProject "Landmarker" */;
			compatibilityVersion = "Xcode 13.0";
			developmentRegion = en;
			hasScannedForEncodings = 0;
			knownRegions = (
				en,
				Base,
			);
			mainGroup = A12879922777A46300584FEC;
			productRefGroup = A128799C2777A46300584FEC /* Products */;
			projectDirPath = "";
			projectRoot = "";
			targets = (
				A128799A2777A46300584FEC /* Landmarker */,
			);
		};
/* End PBXProject section */

/* Begin PBXResourcesBuildPhase section */
		A12879992777A46300584FEC /* Resources */ = {
			isa = PBXResourcesBuildPhase;
			buildActionMask = 2147483647;
			files = (
				A12879AD2777A4D600584FEC /* Assets.xcassets in Resources */,
				A12879A62777A46500584FEC /* Preview Assets.xcassets in Resources */,
			);
			runOnlyForDeploymentPostprocessing = 0;
		};
/* End PBXResourcesBuildPhase section */

/* Begin PBXSourcesBuildPhase section */
		A12879972777A46300584FEC /* Sources */ = {
			isa = PBXSourcesBuildPhase;
			buildActionMask = 2147483647;
			files = (
				A16D9E2E278DCA0000CDC0DA /* LocationPreviewViewModel.swift in Sources */,
				A1C3BAB0277B3B0D00CB58E9 /* LocationDetailViewModel.swift in Sources */,
				A11467EC278A27BA00DA615D /* ImageCacheManager.swift in Sources */,
				A12879B52777A64E00584FEC /* DownloadDataManager.swift in Sources */,
				A1EAE46D277A1EA300C6F085 /* LocationDetailView.swift in Sources */,
				A12879BA2777A6B700584FEC /* LocationsViewModel.swift in Sources */,
				A12879B72777A6A200584FEC /* LocationsView.swift in Sources */,
				A12879BC2777B05800584FEC /* LocationsListView.swift in Sources */,
				A12879BF2777BA9000584FEC /* LocationPreviewView.swift in Sources */,
				A12879B22777A59100584FEC /* Location.swift in Sources */,
				A18951832778CFFE00BC81A8 /* MapView.swift in Sources */,
				A192F4AE277A4213001516FF /* LocationsManager.swift in Sources */,
				A128799F2777A46300584FEC /* LandmarkerApp.swift in Sources */,
				A11467EA278A267200DA615D /* DownloadImagesManager.swift in Sources */,
				A1EAE46F277A23C000C6F085 /* ButtonView.swift in Sources */,
				A196EB1C2779E3B900198C7C /* LocationMapAnnotationView.swift in Sources */,
			);
			runOnlyForDeploymentPostprocessing = 0;
		};
/* End PBXSourcesBuildPhase section */

/* Begin XCBuildConfiguration section */
		A12879A72777A46500584FEC /* Debug */ = {
			isa = XCBuildConfiguration;
			buildSettings = {
				ALWAYS_SEARCH_USER_PATHS = NO;
				CLANG_ANALYZER_NONNULL = YES;
				CLANG_ANALYZER_NUMBER_OBJECT_CONVERSION = YES_AGGRESSIVE;
				CLANG_CXX_LANGUAGE_STANDARD = "gnu++17";
				CLANG_CXX_LIBRARY = "libc++";
				CLANG_ENABLE_MODULES = YES;
				CLANG_ENABLE_OBJC_ARC = YES;
				CLANG_ENABLE_OBJC_WEAK = YES;
				CLANG_WARN_BLOCK_CAPTURE_AUTORELEASING = YES;
				CLANG_WARN_BOOL_CONVERSION = YES;
				CLANG_WARN_COMMA = YES;
				CLANG_WARN_CONSTANT_CONVERSION = YES;
				CLANG_WARN_DEPRECATED_OBJC_IMPLEMENTATIONS = YES;
				CLANG_WARN_DIRECT_OBJC_ISA_USAGE = YES_ERROR;
				CLANG_WARN_DOCUMENTATION_COMMENTS = YES;
				CLANG_WARN_EMPTY_BODY = YES;
				CLANG_WARN_ENUM_CONVERSION = YES;
				CLANG_WARN_INFINITE_RECURSION = YES;
				CLANG_WARN_INT_CONVERSION = YES;
				CLANG_WARN_NON_LITERAL_NULL_CONVERSION = YES;
				CLANG_WARN_OBJC_IMPLICIT_RETAIN_SELF = YES;
				CLANG_WARN_OBJC_LITERAL_CONVERSION = YES;
				CLANG_WARN_OBJC_ROOT_CLASS = YES_ERROR;
				CLANG_WARN_QUOTED_INCLUDE_IN_FRAMEWORK_HEADER = YES;
				CLANG_WARN_RANGE_LOOP_ANALYSIS = YES;
				CLANG_WARN_STRICT_PROTOTYPES = YES;
				CLANG_WARN_SUSPICIOUS_MOVE = YES;
				CLANG_WARN_UNGUARDED_AVAILABILITY = YES_AGGRESSIVE;
				CLANG_WARN_UNREACHABLE_CODE = YES;
				CLANG_WARN__DUPLICATE_METHOD_MATCH = YES;
				COPY_PHASE_STRIP = NO;
				DEBUG_INFORMATION_FORMAT = dwarf;
				ENABLE_STRICT_OBJC_MSGSEND = YES;
				ENABLE_TESTABILITY = YES;
				GCC_C_LANGUAGE_STANDARD = gnu11;
				GCC_DYNAMIC_NO_PIC = NO;
				GCC_NO_COMMON_BLOCKS = YES;
				GCC_OPTIMIZATION_LEVEL = 0;
				GCC_PREPROCESSOR_DEFINITIONS = (
					"DEBUG=1",
					"$(inherited)",
				);
				GCC_WARN_64_TO_32_BIT_CONVERSION = YES;
				GCC_WARN_ABOUT_RETURN_TYPE = YES_ERROR;
				GCC_WARN_UNDECLARED_SELECTOR = YES;
				GCC_WARN_UNINITIALIZED_AUTOS = YES_AGGRESSIVE;
				GCC_WARN_UNUSED_FUNCTION = YES;
				GCC_WARN_UNUSED_VARIABLE = YES;
				IPHONEOS_DEPLOYMENT_TARGET = 15.2;
				MTL_ENABLE_DEBUG_INFO = INCLUDE_SOURCE;
				MTL_FAST_MATH = YES;
				ONLY_ACTIVE_ARCH = YES;
				SDKROOT = iphoneos;
				SWIFT_ACTIVE_COMPILATION_CONDITIONS = DEBUG;
				SWIFT_OPTIMIZATION_LEVEL = "-Onone";
			};
			name = Debug;
		};
		A12879A82777A46500584FEC /* Release */ = {
			isa = XCBuildConfiguration;
			buildSettings = {
				ALWAYS_SEARCH_USER_PATHS = NO;
				CLANG_ANALYZER_NONNULL = YES;
				CLANG_ANALYZER_NUMBER_OBJECT_CONVERSION = YES_AGGRESSIVE;
				CLANG_CXX_LANGUAGE_STANDARD = "gnu++17";
				CLANG_CXX_LIBRARY = "libc++";
				CLANG_ENABLE_MODULES = YES;
				CLANG_ENABLE_OBJC_ARC = YES;
				CLANG_ENABLE_OBJC_WEAK = YES;
				CLANG_WARN_BLOCK_CAPTURE_AUTORELEASING = YES;
				CLANG_WARN_BOOL_CONVERSION = YES;
				CLANG_WARN_COMMA = YES;
				CLANG_WARN_CONSTANT_CONVERSION = YES;
				CLANG_WARN_DEPRECATED_OBJC_IMPLEMENTATIONS = YES;
				CLANG_WARN_DIRECT_OBJC_ISA_USAGE = YES_ERROR;
				CLANG_WARN_DOCUMENTATION_COMMENTS = YES;
				CLANG_WARN_EMPTY_BODY = YES;
				CLANG_WARN_ENUM_CONVERSION = YES;
				CLANG_WARN_INFINITE_RECURSION = YES;
				CLANG_WARN_INT_CONVERSION = YES;
				CLANG_WARN_NON_LITERAL_NULL_CONVERSION = YES;
				CLANG_WARN_OBJC_IMPLICIT_RETAIN_SELF = YES;
				CLANG_WARN_OBJC_LITERAL_CONVERSION = YES;
				CLANG_WARN_OBJC_ROOT_CLASS = YES_ERROR;
				CLANG_WARN_QUOTED_INCLUDE_IN_FRAMEWORK_HEADER = YES;
				CLANG_WARN_RANGE_LOOP_ANALYSIS = YES;
				CLANG_WARN_STRICT_PROTOTYPES = YES;
				CLANG_WARN_SUSPICIOUS_MOVE = YES;
				CLANG_WARN_UNGUARDED_AVAILABILITY = YES_AGGRESSIVE;
				CLANG_WARN_UNREACHABLE_CODE = YES;
				CLANG_WARN__DUPLICATE_METHOD_MATCH = YES;
				COPY_PHASE_STRIP = NO;
				DEBUG_INFORMATION_FORMAT = "dwarf-with-dsym";
				ENABLE_NS_ASSERTIONS = NO;
				ENABLE_STRICT_OBJC_MSGSEND = YES;
				GCC_C_LANGUAGE_STANDARD = gnu11;
				GCC_NO_COMMON_BLOCKS = YES;
				GCC_WARN_64_TO_32_BIT_CONVERSION = YES;
				GCC_WARN_ABOUT_RETURN_TYPE = YES_ERROR;
				GCC_WARN_UNDECLARED_SELECTOR = YES;
				GCC_WARN_UNINITIALIZED_AUTOS = YES_AGGRESSIVE;
				GCC_WARN_UNUSED_FUNCTION = YES;
				GCC_WARN_UNUSED_VARIABLE = YES;
				IPHONEOS_DEPLOYMENT_TARGET = 15.2;
				MTL_ENABLE_DEBUG_INFO = NO;
				MTL_FAST_MATH = YES;
				SDKROOT = iphoneos;
				SWIFT_COMPILATION_MODE = wholemodule;
				SWIFT_OPTIMIZATION_LEVEL = "-O";
				VALIDATE_PRODUCT = YES;
			};
			name = Release;
		};
		A12879AA2777A46500584FEC /* Debug */ = {
			isa = XCBuildConfiguration;
			buildSettings = {
				ASSETCATALOG_COMPILER_APPICON_NAME = AppIcon;
				ASSETCATALOG_COMPILER_GLOBAL_ACCENT_COLOR_NAME = AccentColor;
				CODE_SIGN_STYLE = Automatic;
				CURRENT_PROJECT_VERSION = 1;
				DEVELOPMENT_ASSET_PATHS = "\"Landmarker/Preview Content\"";
				DEVELOPMENT_TEAM = 7F47MKWBPJ;
				ENABLE_PREVIEWS = YES;
				GENERATE_INFOPLIST_FILE = YES;
				INFOPLIST_FILE = Landmarker/Info.plist;
				INFOPLIST_KEY_UIApplicationSceneManifest_Generation = YES;
				INFOPLIST_KEY_UIApplicationSupportsIndirectInputEvents = YES;
				INFOPLIST_KEY_UISupportedInterfaceOrientations = UIInterfaceOrientationPortrait;
				INFOPLIST_KEY_UISupportedInterfaceOrientations_iPad = "UIInterfaceOrientationPortrait UIInterfaceOrientationPortraitUpsideDown UIInterfaceOrientationLandscapeLeft UIInterfaceOrientationLandscapeRight";
				INFOPLIST_KEY_UISupportedInterfaceOrientations_iPhone = UIInterfaceOrientationPortrait;
				LD_RUNPATH_SEARCH_PATHS = (
					"$(inherited)",
					"@executable_path/Frameworks",
				);
				MARKETING_VERSION = 1.0;
				PRODUCT_BUNDLE_IDENTIFIER = federicoimberti.Landmarker;
				PRODUCT_NAME = "$(TARGET_NAME)";
				SWIFT_EMIT_LOC_STRINGS = YES;
				SWIFT_VERSION = 5.0;
				TARGETED_DEVICE_FAMILY = "1,2";
			};
			name = Debug;
		};
		A12879AB2777A46500584FEC /* Release */ = {
			isa = XCBuildConfiguration;
			buildSettings = {
				ASSETCATALOG_COMPILER_APPICON_NAME = AppIcon;
				ASSETCATALOG_COMPILER_GLOBAL_ACCENT_COLOR_NAME = AccentColor;
				CODE_SIGN_STYLE = Automatic;
				CURRENT_PROJECT_VERSION = 1;
				DEVELOPMENT_ASSET_PATHS = "\"Landmarker/Preview Content\"";
				DEVELOPMENT_TEAM = 7F47MKWBPJ;
				ENABLE_PREVIEWS = YES;
				GENERATE_INFOPLIST_FILE = YES;
				INFOPLIST_FILE = Landmarker/Info.plist;
				INFOPLIST_KEY_UIApplicationSceneManifest_Generation = YES;
				INFOPLIST_KEY_UIApplicationSupportsIndirectInputEvents = YES;
				INFOPLIST_KEY_UISupportedInterfaceOrientations = UIInterfaceOrientationPortrait;
				INFOPLIST_KEY_UISupportedInterfaceOrientations_iPad = "UIInterfaceOrientationPortrait UIInterfaceOrientationPortraitUpsideDown UIInterfaceOrientationLandscapeLeft UIInterfaceOrientationLandscapeRight";
				INFOPLIST_KEY_UISupportedInterfaceOrientations_iPhone = UIInterfaceOrientationPortrait;
				LD_RUNPATH_SEARCH_PATHS = (
					"$(inherited)",
					"@executable_path/Frameworks",
				);
				MARKETING_VERSION = 1.0;
				PRODUCT_BUNDLE_IDENTIFIER = federicoimberti.Landmarker;
				PRODUCT_NAME = "$(TARGET_NAME)";
				SWIFT_EMIT_LOC_STRINGS = YES;
				SWIFT_VERSION = 5.0;
				TARGETED_DEVICE_FAMILY = "1,2";
			};
			name = Release;
		};
/* End XCBuildConfiguration section */

/* Begin XCConfigurationList section */
		A12879962777A46300584FEC /* Build configuration list for PBXProject "Landmarker" */ = {
			isa = XCConfigurationList;
			buildConfigurations = (
				A12879A72777A46500584FEC /* Debug */,
				A12879A82777A46500584FEC /* Release */,
			);
			defaultConfigurationIsVisible = 0;
			defaultConfigurationName = Release;
		};
		A12879A92777A46500584FEC /* Build configuration list for PBXNativeTarget "Landmarker" */ = {
			isa = XCConfigurationList;
			buildConfigurations = (
				A12879AA2777A46500584FEC /* Debug */,
				A12879AB2777A46500584FEC /* Release */,
			);
			defaultConfigurationIsVisible = 0;
			defaultConfigurationName = Release;
		};
/* End XCConfigurationList section */
	};
	rootObject = A12879932777A46300584FEC /* Project object */;
}
